
Microsoft Visual Studio Solution File, Format Version 12.00
Project("{FAE04EC0-301F-11D3-BF4B-00C04F79EFBC}") = "EasyProblems", "EasyProblems\EasyProblems.csproj", "{33D1C2EA-EE99-4B45-9119-28896D18F3ED}"
EndProject
Project("{FAE04EC0-301F-11D3-BF4B-00C04F79EFBC}") = "EasyProblems3daysRecap", "EasyProblems3daysRecap\EasyProblems3daysRecap.csproj", "{B98658C6-5BE1-441C-8B5C-275E1B8B2003}"
EndProject
Project("{FAE04EC0-301F-11D3-BF4B-00C04F79EFBC}") = "EasyProblems7daysRecap", "EasyProblems7daysRecap\EasyProblems7daysRecap.csproj", "{457F7ACD-1C1F-49E7-BC02-FD8C51D44576}"
EndProject
Global
	GlobalSection(SolutionConfigurationPlatforms) = preSolution
		Debug|Any CPU = Debug|Any CPU
		Release|Any CPU = Release|Any CPU
	EndGlobalSection
	GlobalSection(ProjectConfigurationPlatforms) = postSolution
		{33D1C2EA-EE99-4B45-9119-28896D18F3ED}.Debug|Any CPU.ActiveCfg = Debug|Any CPU
		{33D1C2EA-EE99-4B45-9119-28896D18F3ED}.Debug|Any CPU.Build.0 = Debug|Any CPU
		{33D1C2EA-EE99-4B45-9119-28896D18F3ED}.Release|Any CPU.ActiveCfg = Release|Any CPU
		{33D1C2EA-EE99-4B45-9119-28896D18F3ED}.Release|Any CPU.Build.0 = Release|Any CPU
		{B98658C6-5BE1-441C-8B5C-275E1B8B2003}.Debug|Any CPU.ActiveCfg = Debug|Any CPU
		{B98658C6-5BE1-441C-8B5C-275E1B8B2003}.Debug|Any CPU.Build.0 = Debug|Any CPU
		{B98658C6-5BE1-441C-8B5C-275E1B8B2003}.Release|Any CPU.ActiveCfg = Release|Any CPU
		{B98658C6-5BE1-441C-8B5C-275E1B8B2003}.Release|Any CPU.Build.0 = Release|Any CPU
		{457F7ACD-1C1F-49E7-BC02-FD8C51D44576}.Debug|Any CPU.ActiveCfg = Debug|Any CPU
		{457F7ACD-1C1F-49E7-BC02-FD8C51D44576}.Debug|Any CPU.Build.0 = Debug|Any CPU
		{457F7ACD-1C1F-49E7-BC02-FD8C51D44576}.Release|Any CPU.ActiveCfg = Release|Any CPU
		{457F7ACD-1C1F-49E7-BC02-FD8C51D44576}.Release|Any CPU.Build.0 = Release|Any CPU
	EndGlobalSection
EndGlobal
